// !$*UTF8*$!
{
	archiveVersion = 1;
	classes = {
	};
	objectVersion = 46;
	objects = {

/* Begin PBXBuildFile section */
		F4C10DEB1F79AB1000082335 /* main.swift in Sources */ = {isa = PBXBuildFile; fileRef = F4C10DEA1F79AB1000082335 /* main.swift */; };
		F4C10DF21F79AB2000082335 /* AppDelegate.swift in Sources */ = {isa = PBXBuildFile; fileRef = F4C10DF11F79AB2000082335 /* AppDelegate.swift */; };
		F4C10E001F79AB3300082335 /* PlayerViewController.swift in Sources */ = {isa = PBXBuildFile; fileRef = F4C10DF81F79AB3300082335 /* PlayerViewController.swift */; };
		F4C10E011F79AB3300082335 /* SoundPlayer.swift in Sources */ = {isa = PBXBuildFile; fileRef = F4C10DF91F79AB3300082335 /* SoundPlayer.swift */; };
		F4C10E021F79AB3300082335 /* SoundTableViewController.swift in Sources */ = {isa = PBXBuildFile; fileRef = F4C10DFA1F79AB3300082335 /* SoundTableViewController.swift */; };
		F4C10E031F79AB3300082335 /* SoundTableCell.swift in Sources */ = {isa = PBXBuildFile; fileRef = F4C10DFB1F79AB3300082335 /* SoundTableCell.swift */; };
		F4C10E041F79AB3300082335 /* SoundLibrary.swift in Sources */ = {isa = PBXBuildFile; fileRef = F4C10DFC1F79AB3300082335 /* SoundLibrary.swift */; };
		F4C10E051F79AB3300082335 /* CustomSlider.swift in Sources */ = {isa = PBXBuildFile; fileRef = F4C10DFD1F79AB3300082335 /* CustomSlider.swift */; };
		F4C10E061F79AB3300082335 /* ImageExtension.swift in Sources */ = {isa = PBXBuildFile; fileRef = F4C10DFE1F79AB3300082335 /* ImageExtension.swift */; };
		F4C10E071F79AB3300082335 /* TimerExtension.swift in Sources */ = {isa = PBXBuildFile; fileRef = F4C10DFF1F79AB3300082335 /* TimerExtension.swift */; };
/* End PBXBuildFile section */

/* Begin PBXCopyFilesBuildPhase section */
		F4C10DE51F79AB1000082335 /* CopyFiles */ = {
			isa = PBXCopyFilesBuildPhase;
			buildActionMask = 2147483647;
			dstPath = /usr/share/man/man1/;
			dstSubfolderSpec = 0;
			files = (
			);
			runOnlyForDeploymentPostprocessing = 1;
		};
/* End PBXCopyFilesBuildPhase section */

/* Begin PBXFileReference section */
		F4C10DE71F79AB1000082335 /* SoundApp */ = {isa = PBXFileReference; explicitFileType = "compiled.mach-o.executable"; includeInIndex = 0; path = SoundApp; sourceTree = BUILT_PRODUCTS_DIR; };
		F4C10DEA1F79AB1000082335 /* main.swift */ = {isa = PBXFileReference; lastKnownFileType = sourcecode.swift; path = main.swift; sourceTree = "<group>"; };
		F4C10DF11F79AB2000082335 /* AppDelegate.swift */ = {isa = PBXFileReference; fileEncoding = 4; lastKnownFileType = sourcecode.swift; name = AppDelegate.swift; path = "../../../Downloads/Archive (1)/Player App/AppDelegate.swift"; sourceTree = "<group>"; };
		F4C10DF41F79AB2600082335 /* Base */ = {isa = PBXFileReference; lastKnownFileType = file.storyboard; name = Base; path = "../../../Downloads/Archive (1)/Player App/Base.lproj/Main.storyboard"; sourceTree = "<group>"; };
		F4C10DF61F79AB2900082335 /* Base */ = {isa = PBXFileReference; lastKnownFileType = file.storyboard; name = Base; path = "../../../Downloads/Archive (1)/Player App/Base.lproj/LaunchScreen.storyboard"; sourceTree = "<group>"; };
		F4C10DF71F79AB3300082335 /* Info.plist */ = {isa = PBXFileReference; fileEncoding = 4; lastKnownFileType = text.plist.xml; name = Info.plist; path = "../../../Downloads/Archive (1)/Player App/Info.plist"; sourceTree = "<group>"; };
		F4C10DF81F79AB3300082335 /* PlayerViewController.swift */ = {isa = PBXFileReference; fileEncoding = 4; lastKnownFileType = sourcecode.swift; name = PlayerViewController.swift; path = "../../../Downloads/Archive (1)/Player App/PlayerViewController.swift"; sourceTree = "<group>"; };
		F4C10DF91F79AB3300082335 /* SoundPlayer.swift */ = {isa = PBXFileReference; fileEncoding = 4; lastKnownFileType = sourcecode.swift; name = SoundPlayer.swift; path = "../../../Downloads/Archive (1)/Player App/SoundPlayer.swift"; sourceTree = "<group>"; };
		F4C10DFA1F79AB3300082335 /* SoundTableViewController.swift */ = {isa = PBXFileReference; fileEncoding = 4; lastKnownFileType = sourcecode.swift; name = SoundTableViewController.swift; path = "../../../Downloads/Archive (1)/Player App/SoundTableViewController.swift"; sourceTree = "<group>"; };
		F4C10DFB1F79AB3300082335 /* SoundTableCell.swift */ = {isa = PBXFileReference; fileEncoding = 4; lastKnownFileType = sourcecode.swift; name = SoundTableCell.swift; path = "../../../Downloads/Archive (1)/Player App/SoundTableCell.swift"; sourceTree = "<group>"; };
		F4C10DFC1F79AB3300082335 /* SoundLibrary.swift */ = {isa = PBXFileReference; fileEncoding = 4; lastKnownFileType = sourcecode.swift; name = SoundLibrary.swift; path = "../../../Downloads/Archive (1)/Player App/SoundLibrary.swift"; sourceTree = "<group>"; };
		F4C10DFD1F79AB3300082335 /* CustomSlider.swift */ = {isa = PBXFileReference; fileEncoding = 4; lastKnownFileType = sourcecode.swift; name = CustomSlider.swift; path = "../../../Downloads/Archive (1)/Player App/CustomSlider.swift"; sourceTree = "<group>"; };
		F4C10DFE1F79AB3300082335 /* ImageExtension.swift */ = {isa = PBXFileReference; fileEncoding = 4; lastKnownFileType = sourcecode.swift; name = ImageExtension.swift; path = "../../../Downloads/Archive (1)/Player App/ImageExtension.swift"; sourceTree = "<group>"; };
		F4C10DFF1F79AB3300082335 /* TimerExtension.swift */ = {isa = PBXFileReference; fileEncoding = 4; lastKnownFileType = sourcecode.swift; name = TimerExtension.swift; path = "../../../Downloads/Archive (1)/Player App/TimerExtension.swift"; sourceTree = "<group>"; };
		F4C10E081F79AB3900082335 /* Assets.xcassets */ = {isa = PBXFileReference; lastKnownFileType = folder.assetcatalog; name = Assets.xcassets; path = "../../../Downloads/Archive (1)/Player App/Assets.xcassets"; sourceTree = "<group>"; };
/* End PBXFileReference section */

/* Begin PBXFrameworksBuildPhase section */
		F4C10DE41F79AB1000082335 /* Frameworks */ = {
			isa = PBXFrameworksBuildPhase;
			buildActionMask = 2147483647;
			files = (
			);
			runOnlyForDeploymentPostprocessing = 0;
		};
/* End PBXFrameworksBuildPhase section */

/* Begin PBXGroup section */
		F4C10DDE1F79AB1000082335 = {
			isa = PBXGroup;
			children = (
				F4C10DE91F79AB1000082335 /* SoundApp */,
				F4C10DE81F79AB1000082335 /* Products */,
			);
			sourceTree = "<group>";
		};
		F4C10DE81F79AB1000082335 /* Products */ = {
			isa = PBXGroup;
			children = (
				F4C10DE71F79AB1000082335 /* SoundApp */,
			);
			name = Products;
			sourceTree = "<group>";
		};
		F4C10DE91F79AB1000082335 /* SoundApp */ = {
			isa = PBXGroup;
			children = (
				F4C10DEA1F79AB1000082335 /* main.swift */,
				F4C10DF11F79AB2000082335 /* AppDelegate.swift */,
				F4C10DF31F79AB2600082335 /* Main.storyboard */,
				F4C10DF51F79AB2900082335 /* LaunchScreen.storyboard */,
				F4C10DF71F79AB3300082335 /* Info.plist */,
				F4C10DF81F79AB3300082335 /* PlayerViewController.swift */,
				F4C10DF91F79AB3300082335 /* SoundPlayer.swift */,
				F4C10DFA1F79AB3300082335 /* SoundTableViewController.swift */,
				F4C10DFB1F79AB3300082335 /* SoundTableCell.swift */,
				F4C10DFC1F79AB3300082335 /* SoundLibrary.swift */,
				F4C10DFD1F79AB3300082335 /* CustomSlider.swift */,
				F4C10DFE1F79AB3300082335 /* ImageExtension.swift */,
				F4C10DFF1F79AB3300082335 /* TimerExtension.swift */,
				F4C10E081F79AB3900082335 /* Assets.xcassets */,
			);
			path = SoundApp;
			sourceTree = "<group>";
		};
/* End PBXGroup section */

/* Begin PBXNativeTarget section */
		F4C10DE61F79AB1000082335 /* SoundApp */ = {
			isa = PBXNativeTarget;
			buildConfigurationList = F4C10DEE1F79AB1000082335 /* Build configuration list for PBXNativeTarget "SoundApp" */;
			buildPhases = (
				F4C10DE31F79AB1000082335 /* Sources */,
				F4C10DE41F79AB1000082335 /* Frameworks */,
				F4C10DE51F79AB1000082335 /* CopyFiles */,
			);
			buildRules = (
			);
			dependencies = (
			);
			name = SoundApp;
			productName = SoundApp;
			productReference = F4C10DE71F79AB1000082335 /* SoundApp */;
			productType = "com.apple.product-type.tool";
		};
/* End PBXNativeTarget section */

/* Begin PBXProject section */
		F4C10DDF1F79AB1000082335 /* Project object */ = {
			isa = PBXProject;
			attributes = {
				LastSwiftUpdateCheck = 0820;
				LastUpgradeCheck = 0820;
				ORGANIZATIONNAME = "Olivia Hess";
				TargetAttributes = {
					F4C10DE61F79AB1000082335 = {
						CreatedOnToolsVersion = 8.2.1;
						ProvisioningStyle = Automatic;
					};
				};
			};
			buildConfigurationList = F4C10DE21F79AB1000082335 /* Build configuration list for PBXProject "SoundApp" */;
			compatibilityVersion = "Xcode 3.2";
			developmentRegion = English;
			hasScannedForEncodings = 0;
			knownRegions = (
				en,
				Base,
			);
			mainGroup = F4C10DDE1F79AB1000082335;
			productRefGroup = F4C10DE81F79AB1000082335 /* Products */;
			projectDirPath = "";
			projectRoot = "";
			targets = (
				F4C10DE61F79AB1000082335 /* SoundApp */,
			);
		};
/* End PBXProject section */

/* Begin PBXSourcesBuildPhase section */
		F4C10DE31F79AB1000082335 /* Sources */ = {
			isa = PBXSourcesBuildPhase;
			buildActionMask = 2147483647;
			files = (
				F4C10E041F79AB3300082335 /* SoundLibrary.swift in Sources */,
				F4C10DF21F79AB2000082335 /* AppDelegate.swift in Sources */,
				F4C10DEB1F79AB1000082335 /* main.swift in Sources */,
				F4C10E051F79AB3300082335 /* CustomSlider.swift in Sources */,
				F4C10E011F79AB3300082335 /* SoundPlayer.swift in Sources */,
				F4C10E001F79AB3300082335 /* PlayerViewController.swift in Sources */,
				F4C10E031F79AB3300082335 /* SoundTableCell.swift in Sources */,
				F4C10E071F79AB3300082335 /* TimerExtension.swift in Sources */,
				F4C10E061F79AB3300082335 /* ImageExtension.swift in Sources */,
				F4C10E021F79AB3300082335 /* SoundTableViewController.swift in Sources */,
			);
			runOnlyForDeploymentPostprocessing = 0;
		};
/* End PBXSourcesBuildPhase section */

/* Begin PBXVariantGroup section */
		F4C10DF31F79AB2600082335 /* Main.storyboard */ = {
			isa = PBXVariantGroup;
			children = (
				F4C10DF41F79AB2600082335 /* Base */,
			);
			name = Main.storyboard;
			sourceTree = "<group>";
		};
		F4C10DF51F79AB2900082335 /* LaunchScreen.storyboard */ = {
			isa = PBXVariantGroup;
			children = (
				F4C10DF61F79AB2900082335 /* Base */,
			);
			name = LaunchScreen.storyboard;
			sourceTree = "<group>";
		};
/* End PBXVariantGroup section */

/* Begin XCBuildConfiguration section */
		F4C10DEC1F79AB1000082335 /* Debug */ = {
			isa = XCBuildConfiguration;
			buildSettings = {
				ALWAYS_SEARCH_USER_PATHS = NO;
				CLANG_ANALYZER_NONNULL = YES;
				CLANG_CXX_LANGUAGE_STANDARD = "gnu++0x";
				CLANG_CXX_LIBRARY = "libc++";
				CLANG_ENABLE_MODULES = YES;
				CLANG_ENABLE_OBJC_ARC = YES;
				CLANG_WARN_BOOL_CONVERSION = YES;
				CLANG_WARN_CONSTANT_CONVERSION = YES;
				CLANG_WARN_DIRECT_OBJC_ISA_USAGE = YES_ERROR;
				CLANG_WARN_DOCUMENTATION_COMMENTS = YES;
				CLANG_WARN_EMPTY_BODY = YES;
				CLANG_WARN_ENUM_CONVERSION = YES;
				CLANG_WARN_INFINITE_RECURSION = YES;
				CLANG_WARN_INT_CONVERSION = YES;
				CLANG_WARN_OBJC_ROOT_CLASS = YES_ERROR;
				CLANG_WARN_SUSPICIOUS_MOVE = YES;
				CLANG_WARN_UNREACHABLE_CODE = YES;
				CLANG_WARN__DUPLICATE_METHOD_MATCH = YES;
				CODE_SIGN_IDENTITY = "-";
				COPY_PHASE_STRIP = NO;
				DEBUG_INFORMATION_FORMAT = dwarf;
				ENABLE_STRICT_OBJC_MSGSEND = YES;
				ENABLE_TESTABILITY = YES;
				GCC_C_LANGUAGE_STANDARD = gnu99;
				GCC_DYNAMIC_NO_PIC = NO;
				GCC_NO_COMMON_BLOCKS = YES;
				GCC_OPTIMIZATION_LEVEL = 0;
				GCC_PREPROCESSOR_DEFINITIONS = (
					"DEBUG=1",
					"$(inherited)",
				);
				GCC_WARN_64_TO_32_BIT_CONVERSION = YES;
				GCC_WARN_ABOUT_RETURN_TYPE = YES_ERROR;
				GCC_WARN_UNDECLARED_SELECTOR = YES;
				GCC_WARN_UNINITIALIZED_AUTOS = YES_AGGRESSIVE;
				GCC_WARN_UNUSED_FUNCTION = YES;
				GCC_WARN_UNUSED_VARIABLE = YES;
				MACOSX_DEPLOYMENT_TARGET = 10.11;
				MTL_ENABLE_DEBUG_INFO = YES;
				ONLY_ACTIVE_ARCH = YES;
				SDKROOT = macosx;
				SWIFT_OPTIMIZATION_LEVEL = "-Onone";
			};
			name = Debug;
		};
		F4C10DED1F79AB1000082335 /* Release */ = {
			isa = XCBuildConfiguration;
			buildSettings = {
				ALWAYS_SEARCH_USER_PATHS = NO;
				CLANG_ANALYZER_NONNULL = YES;
				CLANG_CXX_LANGUAGE_STANDARD = "gnu++0x";
				CLANG_CXX_LIBRARY = "libc++";
				CLANG_ENABLE_MODULES = YES;
				CLANG_ENABLE_OBJC_ARC = YES;
				CLANG_WARN_BOOL_CONVERSION = YES;
				CLANG_WARN_CONSTANT_CONVERSION = YES;
				CLANG_WARN_DIRECT_OBJC_ISA_USAGE = YES_ERROR;
				CLANG_WARN_DOCUMENTATION_COMMENTS = YES;
				CLANG_WARN_EMPTY_BODY = YES;
				CLANG_WARN_ENUM_CONVERSION = YES;
				CLANG_WARN_INFINITE_RECURSION = YES;
				CLANG_WARN_INT_CONVERSION = YES;
				CLANG_WARN_OBJC_ROOT_CLASS = YES_ERROR;
				CLANG_WARN_SUSPICIOUS_MOVE = YES;
				CLANG_WARN_UNREACHABLE_CODE = YES;
				CLANG_WARN__DUPLICATE_METHOD_MATCH = YES;
				CODE_SIGN_IDENTITY = "-";
				COPY_PHASE_STRIP = NO;
				DEBUG_INFORMATION_FORMAT = "dwarf-with-dsym";
				ENABLE_NS_ASSERTIONS = NO;
				ENABLE_STRICT_OBJC_MSGSEND = YES;
				GCC_C_LANGUAGE_STANDARD = gnu99;
				GCC_NO_COMMON_BLOCKS = YES;
				GCC_WARN_64_TO_32_BIT_CONVERSION = YES;
				GCC_WARN_ABOUT_RETURN_TYPE = YES_ERROR;
				GCC_WARN_UNDECLARED_SELECTOR = YES;
				GCC_WARN_UNINITIALIZED_AUTOS = YES_AGGRESSIVE;
				GCC_WARN_UNUSED_FUNCTION = YES;
				GCC_WARN_UNUSED_VARIABLE = YES;
				MACOSX_DEPLOYMENT_TARGET = 10.11;
				MTL_ENABLE_DEBUG_INFO = NO;
				SDKROOT = macosx;
			};
			name = Release;
		};
		F4C10DEF1F79AB1000082335 /* Debug */ = {
			isa = XCBuildConfiguration;
			buildSettings = {
				PRODUCT_NAME = "$(TARGET_NAME)";
				SWIFT_VERSION = 3.0;
			};
			name = Debug;
		};
		F4C10DF01F79AB1000082335 /* Release */ = {
			isa = XCBuildConfiguration;
			buildSettings = {
				PRODUCT_NAME = "$(TARGET_NAME)";
				SWIFT_VERSION = 3.0;
			};
			name = Release;
		};
/* End XCBuildConfiguration section */

/* Begin XCConfigurationList section */
		F4C10DE21F79AB1000082335 /* Build configuration list for PBXProject "SoundApp" */ = {
			isa = XCConfigurationList;
			buildConfigurations = (
				F4C10DEC1F79AB1000082335 /* Debug */,
				F4C10DED1F79AB1000082335 /* Release */,
			);
			defaultConfigurationIsVisible = 0;
			defaultConfigurationName = Release;
		};
		F4C10DEE1F79AB1000082335 /* Build configuration list for PBXNativeTarget "SoundApp" */ = {
			isa = XCConfigurationList;
			buildConfigurations = (
				F4C10DEF1F79AB1000082335 /* Debug */,
				F4C10DF01F79AB1000082335 /* Release */,
			);
			defaultConfigurationIsVisible = 0;
		};
/* End XCConfigurationList section */
	};
	rootObject = F4C10DDF1F79AB1000082335 /* Project object */;
}
